{
  "socketPath": "/tmp/mcp-Jw4eHc/mcp.sock",
  "scheme": "unix",
  "headers": {
    "Authorization": "Nonce 87fd8a9e-9c6e-4414-8e4e-a59b84ae4f22"
  },
  "pid": 2461,
  "ideName": "Visual Studio Code",
  "timestamp": 1788307444018,
  "workspaceFolders": [
    "/home/mj/MJ_Ubuntu_Practice"
  ],
  "isTrusted": true
}