{
  "socketPath": "/tmp/mcp-Ok5Dfa/mcp.sock",
  "scheme": "unix",
  "headers": {
    "Authorization": "Nonce e9e51ccd-b8ef-4c00-b186-448229d8040f"
  },
  "pid": 3001,
  "ideName": "Visual Studio Code",
  "timestamp": 1788480430569,
  "workspaceFolders": [
    "/home/mj/MJ_Ubuntu_Practice"
  ],
  "isTrusted": true
}